github.com/hymkor/struct2flag v0.0.4 h1:gF/RACxQznCXnithZdX3xvZqGeOUVXIlM2CCg2Z8r9o=
github.com/hymkor/struct2flag v0.0.4/go.mod h1:Je1TEampOZlaARtEv1LFIuw1dVT1BZmIa1swu8NZh2M=
github.com/spf13/pflag v1.0.10 h1:4EBh2KAYBwaONj6b2Ye1GiHfwjqyROoF4RwYO+vPwFk=
github.com/spf13/pflag v1.0.10/go.mod h1:McXfInJRrz4CZXVZOBLb0bTZqETkiAhM9Iw0y3An2Bg=
